
Microsoft Visual Studio Solution File, Format Version 12.00
Project("{FAE04EC0-301F-11D3-BF4B-00C04F79EFBC}") = "day1", "day1\day1.csproj", "{CDC9AC66-5A3C-4C70-BA4A-51341CF8A362}"
EndProject
Global
	GlobalSection(SolutionConfigurationPlatforms) = preSolution
		Debug|Any CPU = Debug|Any CPU
		Release|Any CPU = Release|Any CPU
	EndGlobalSection
	GlobalSection(ProjectConfigurationPlatforms) = postSolution
		{CDC9AC66-5A3C-4C70-BA4A-51341CF8A362}.Debug|Any CPU.ActiveCfg = Debug|Any CPU
		{CDC9AC66-5A3C-4C70-BA4A-51341CF8A362}.Debug|Any CPU.Build.0 = Debug|Any CPU
		{CDC9AC66-5A3C-4C70-BA4A-51341CF8A362}.Release|Any CPU.ActiveCfg = Release|Any CPU
		{CDC9AC66-5A3C-4C70-BA4A-51341CF8A362}.Release|Any CPU.Build.0 = Release|Any CPU
	EndGlobalSection
EndGlobal
